{
  "requires": true,
  "lockfileVersion": 1,
  "dependencies": {
    "react-navigation-drawer": {
      "version": "2.4.13",
      "resolved": "https://registry.npmjs.org/react-navigation-drawer/-/react-navigation-drawer-2.4.13.tgz",
      "integrity": "sha512-C9YI8iks0EoTpfDtE7Ys/QJy42jFfTJZqHNULzIu9doqbc5z6cc4Uutz9nUvAae3hJguUrv61FssC+caR6XuFg=="
    }
  }
}
